
Microsoft Visual Studio Solution File, Format Version 12.00
# Visual Studio Version 17
VisualStudioVersion = 17.11.35327.3
MinimumVisualStudioVersion = 10.0.40219.1
Project("{FAE04EC0-301F-11D3-BF4B-00C04F79EFBC}") = "Senator", "Senator\Senator.csproj", "{C4AB7FE7-B4D5-4376-B58B-44B4BAD31570}"
EndProject
Project("{2150E333-8FDC-42A3-9474-1A3956D46DE8}") = "Solution Items", "Solution Items", "{278C5586-77F6-4FC2-8DDA-64BFC8E7D1C3}"
	ProjectSection(SolutionItems) = preProject
		.gitignore = .gitignore
	EndProjectSection
EndProject
Global
	GlobalSection(SolutionConfigurationPlatforms) = preSolution
		Debug|Any CPU = Debug|Any CPU
		Release|Any CPU = Release|Any CPU
	EndGlobalSection
	GlobalSection(ProjectConfigurationPlatforms) = postSolution
		{C4AB7FE7-B4D5-4376-B58B-44B4BAD31570}.Debug|Any CPU.ActiveCfg = Debug|Any CPU
		{C4AB7FE7-B4D5-4376-B58B-44B4BAD31570}.Debug|Any CPU.Build.0 = Debug|Any CPU
		{C4AB7FE7-B4D5-4376-B58B-44B4BAD31570}.Release|Any CPU.ActiveCfg = Release|Any CPU
		{C4AB7FE7-B4D5-4376-B58B-44B4BAD31570}.Release|Any CPU.Build.0 = Release|Any CPU
	EndGlobalSection
	GlobalSection(SolutionProperties) = preSolution
		HideSolutionNode = FALSE
	EndGlobalSection
	GlobalSection(ExtensibilityGlobals) = postSolution
		SolutionGuid = {24E8FE6B-5E79-49DF-B361-1D6C569E291C}
	EndGlobalSection
EndGlobal
